
Microsoft Visual Studio Solution File, Format Version 12.00
# Visual Studio Version 16
VisualStudioVersion = 16.0.30621.155
MinimumVisualStudioVersion = 15.0.26124.0
Project("{9A19103F-16F7-4668-BE54-9A1E7A4F7556}") = "System", "System\System.csproj", "{FCB11E14-A4AF-40BA-8AA6-F63A3229479B}"
EndProject
Project("{9A19103F-16F7-4668-BE54-9A1E7A4F7556}") = "mscorlib", "mscorlib\mscorlib.csproj", "{4C7A6BBA-8E22-431C-8639-DED8D77891E4}"
EndProject
Project("{9A19103F-16F7-4668-BE54-9A1E7A4F7556}") = "System.Xml", "System.Xml\System.Xml.csproj", "{1BDA3BD3-DD0E-4BBE-BCBE-53FF2724DBF5}"
EndProject
Project("{9A19103F-16F7-4668-BE54-9A1E7A4F7556}") = "System.Web.Services", "System.Web.Services\System.Web.Services.csproj", "{CC0A76D9-753C-45BE-97A1-7DCAC783A315}"
EndProject
Project("{9A19103F-16F7-4668-BE54-9A1E7A4F7556}") = "System.Web.ApplicationServices", "System.Web.ApplicationServices\System.Web.ApplicationServices.csproj", "{FEC72D4C-FD7D-4973-A00D-E12B6210BEF2}"
EndProject
Project("{9A19103F-16F7-4668-BE54-9A1E7A4F7556}") = "System.ServiceModel", "System.ServiceModel\System.ServiceModel.csproj", "{B6D8A55C-DC4F-4A89-853F-2B6DADE43A88}"
EndProject
Project("{9A19103F-16F7-4668-BE54-9A1E7A4F7556}") = "System.Data", "System.Data\System.Data.csproj", "{5E29FADB-24C3-40C3-8588-8FBC8170F8E0}"
EndProject
Project("{2150E333-8FDC-42A3-9474-1A3956D46DE8}") = "Base", "Base", "{43581BD3-4767-4D8D-BEAE-EA2006B44B80}"
EndProject
Project("{2150E333-8FDC-42A3-9474-1A3956D46DE8}") = "Mvc", "Mvc", "{6384F721-D4A6-4B2E-BEED-68E4231FA1D5}"
EndProject
Project("{9A19103F-16F7-4668-BE54-9A1E7A4F7556}") = "System.Web.Razor", "..\Mvc.527\src\System.Web.Razor\System.Web.Razor.csproj", "{216196F6-FB10-4CBD-B2B9-C7FDE503B8BB}"
EndProject
Project("{9A19103F-16F7-4668-BE54-9A1E7A4F7556}") = "System.Net.Http.Formatting", "..\Mvc.527\src\System.Net.Http.Formatting\System.Net.Http.Formatting.csproj", "{247D979E-425D-4F4C-9CF8-BED9DE7934F7}"
EndProject
Project("{9A19103F-16F7-4668-BE54-9A1E7A4F7556}") = "System.Web.WebPages", "..\Mvc.527\src\System.Web.WebPages\System.Web.WebPages.csproj", "{56CBB355-1C5D-4E60-BDD0-ED2632BCC5A2}"
EndProject
Project("{9A19103F-16F7-4668-BE54-9A1E7A4F7556}") = "System.Web.WebPages.Razor", "..\Mvc.527\src\System.Web.WebPages.Razor\System.Web.WebPages.Razor.csproj", "{4F2F0F14-B4FE-49F9-B06C-9ABA68315772}"
EndProject
Project("{FAE04EC0-301F-11D3-BF4B-00C04F79EFBC}") = "System.Web.WebPages.Administration", "..\Mvc.527\src\System.Web.WebPages.Administration\System.Web.WebPages.Administration.csproj", "{C23F02FC-4538-43F5-ABBA-38BA069AEA8F}"
EndProject
Project("{FAE04EC0-301F-11D3-BF4B-00C04F79EFBC}") = "System.Web.Http.Owin", "..\Mvc.527\src\System.Web.Http.Owin\System.Web.Http.Owin.csproj", "{66DD7CD7-C68F-4D0E-9F3D-3B58C49D1467}"
EndProject
Project("{FAE04EC0-301F-11D3-BF4B-00C04F79EFBC}") = "System.Web.Http", "..\Mvc.527\src\System.Web.Http\System.Web.Http.csproj", "{DDC1CE0C-486E-4E35-BB3B-EAB61F8F9440}"
EndProject
Project("{FAE04EC0-301F-11D3-BF4B-00C04F79EFBC}") = "System.Web.Http.WebHost", "..\Mvc.527\src\System.Web.Http.WebHost\System.Web.Http.WebHost.csproj", "{A0187BC2-8325-4BB2-8697-7F955CF4173E}"
EndProject
Project("{9A19103F-16F7-4668-BE54-9A1E7A4F7556}") = "HtmlGenerator", "..\SourceBrowser\src\HtmlGenerator\HtmlGenerator.csproj", "{46BEDDE9-3287-471F-B8E8-6F4BBDA6522F}"
EndProject
Project("{9A19103F-16F7-4668-BE54-9A1E7A4F7556}") = "HtmlGenerator.Tests", "..\SourceBrowser\src\HtmlGenerator.Tests\HtmlGenerator.Tests.csproj", "{FF597868-A763-4C3B-B709-6017A146CCCA}"
EndProject
Project("{2150E333-8FDC-42A3-9474-1A3956D46DE8}") = "Solution Items", "Solution Items", "{7CF91569-C01E-4A7F-A843-3417DD1012B5}"
	ProjectSection(SolutionItems) = preProject
		.editorconfig = .editorconfig
		.gitignore = .gitignore
	EndProjectSection
EndProject
Project("{9A19103F-16F7-4668-BE54-9A1E7A4F7556}") = "SourceIndexServer", "..\SourceBrowser\src\SourceIndexServer\SourceIndexServer.csproj", "{CD57FF36-2F1E-4F59-BB80-1BB13BECC391}"
EndProject
Project("{9A19103F-16F7-4668-BE54-9A1E7A4F7556}") = "Gen", "Gen\Gen.csproj", "{CCD2BB13-0E23-4126-9FCD-FC57A4D5626F}"
EndProject
Project("{9A19103F-16F7-4668-BE54-9A1E7A4F7556}") = "System.Configuration", "System.Configuration\System.Configuration.csproj", "{B82AF97A-E586-4571-AB3F-3F2D9103BA22}"
EndProject
Project("{9A19103F-16F7-4668-BE54-9A1E7A4F7556}") = "System.Core", "System.Core\System.Core.csproj", "{3AC4245E-B282-44D1-A028-9F297FDC58CA}"
EndProject
Project("{9A19103F-16F7-4668-BE54-9A1E7A4F7556}") = "System.Data.DataSetExtensions", "System.Data.DataSetExtensions\System.Data.DataSetExtensions.csproj", "{3374F0B6-5C97-4B55-B185-B9E2B9885940}"
EndProject
Project("{9A19103F-16F7-4668-BE54-9A1E7A4F7556}") = "System.Data.Entity", "System.Data.Entity\System.Data.Entity.csproj", "{19700571-0469-4F69-9F40-18A1FADD2894}"
EndProject
Project("{9A19103F-16F7-4668-BE54-9A1E7A4F7556}") = "System.Data.Linq", "System.Data.Linq\System.Data.Linq.csproj", "{29AC99A4-0332-4DE3-826B-605B8FB2DFBE}"
EndProject
Project("{9A19103F-16F7-4668-BE54-9A1E7A4F7556}") = "System.Xml.Linq", "System.Xml.Linq\System.Xml.Linq.csproj", "{D6C26E7F-AD91-493F-AC5C-D699960249DB}"
EndProject
Project("{9A19103F-16F7-4668-BE54-9A1E7A4F7556}") = "System.Web", "System.Web\System.Web.csproj", "{6DB7FF7F-6F77-4F79-A670-446E75E7D4DF}"
EndProject
Project("{9A19103F-16F7-4668-BE54-9A1E7A4F7556}") = "System.Windows.Forms", "..\winForms\src\System.Windows.Forms\src\System.Windows.Forms.csproj", "{3498324D-8BF5-4C9A-843A-7D28E0A70321}"
EndProject
Global
	GlobalSection(SolutionConfigurationPlatforms) = preSolution
		Debug|Any CPU = Debug|Any CPU
		Debug|x64 = Debug|x64
		Release|Any CPU = Release|Any CPU
		Release|x64 = Release|x64
	EndGlobalSection
	GlobalSection(ProjectConfigurationPlatforms) = postSolution
		{FCB11E14-A4AF-40BA-8AA6-F63A3229479B}.Debug|Any CPU.ActiveCfg = Debug|Any CPU
		{FCB11E14-A4AF-40BA-8AA6-F63A3229479B}.Debug|Any CPU.Build.0 = Debug|Any CPU
		{FCB11E14-A4AF-40BA-8AA6-F63A3229479B}.Debug|x64.ActiveCfg = Debug|Any CPU
		{FCB11E14-A4AF-40BA-8AA6-F63A3229479B}.Debug|x64.Build.0 = Debug|Any CPU
		{FCB11E14-A4AF-40BA-8AA6-F63A3229479B}.Release|Any CPU.ActiveCfg = Release|Any CPU
		{FCB11E14-A4AF-40BA-8AA6-F63A3229479B}.Release|Any CPU.Build.0 = Release|Any CPU
		{FCB11E14-A4AF-40BA-8AA6-F63A3229479B}.Release|x64.ActiveCfg = Release|Any CPU
		{FCB11E14-A4AF-40BA-8AA6-F63A3229479B}.Release|x64.Build.0 = Release|Any CPU
		{4C7A6BBA-8E22-431C-8639-DED8D77891E4}.Debug|Any CPU.ActiveCfg = Debug|Any CPU
		{4C7A6BBA-8E22-431C-8639-DED8D77891E4}.Debug|Any CPU.Build.0 = Debug|Any CPU
		{4C7A6BBA-8E22-431C-8639-DED8D77891E4}.Debug|x64.ActiveCfg = Debug|Any CPU
		{4C7A6BBA-8E22-431C-8639-DED8D77891E4}.Debug|x64.Build.0 = Debug|Any CPU
		{4C7A6BBA-8E22-431C-8639-DED8D77891E4}.Release|Any CPU.ActiveCfg = Release|Any CPU
		{4C7A6BBA-8E22-431C-8639-DED8D77891E4}.Release|Any CPU.Build.0 = Release|Any CPU
		{4C7A6BBA-8E22-431C-8639-DED8D77891E4}.Release|x64.ActiveCfg = Release|Any CPU
		{4C7A6BBA-8E22-431C-8639-DED8D77891E4}.Release|x64.Build.0 = Release|Any CPU
		{1BDA3BD3-DD0E-4BBE-BCBE-53FF2724DBF5}.Debug|Any CPU.ActiveCfg = Debug|Any CPU
		{1BDA3BD3-DD0E-4BBE-BCBE-53FF2724DBF5}.Debug|Any CPU.Build.0 = Debug|Any CPU
		{1BDA3BD3-DD0E-4BBE-BCBE-53FF2724DBF5}.Debug|x64.ActiveCfg = Debug|Any CPU
		{1BDA3BD3-DD0E-4BBE-BCBE-53FF2724DBF5}.Debug|x64.Build.0 = Debug|Any CPU
		{1BDA3BD3-DD0E-4BBE-BCBE-53FF2724DBF5}.Release|Any CPU.ActiveCfg = Release|Any CPU
		{1BDA3BD3-DD0E-4BBE-BCBE-53FF2724DBF5}.Release|Any CPU.Build.0 = Release|Any CPU
		{1BDA3BD3-DD0E-4BBE-BCBE-53FF2724DBF5}.Release|x64.ActiveCfg = Release|Any CPU
		{1BDA3BD3-DD0E-4BBE-BCBE-53FF2724DBF5}.Release|x64.Build.0 = Release|Any CPU
		{CC0A76D9-753C-45BE-97A1-7DCAC783A315}.Debug|Any CPU.ActiveCfg = Debug|Any CPU
		{CC0A76D9-753C-45BE-97A1-7DCAC783A315}.Debug|Any CPU.Build.0 = Debug|Any CPU
		{CC0A76D9-753C-45BE-97A1-7DCAC783A315}.Debug|x64.ActiveCfg = Debug|Any CPU
		{CC0A76D9-753C-45BE-97A1-7DCAC783A315}.Debug|x64.Build.0 = Debug|Any CPU
		{CC0A76D9-753C-45BE-97A1-7DCAC783A315}.Release|Any CPU.ActiveCfg = Release|Any CPU
		{CC0A76D9-753C-45BE-97A1-7DCAC783A315}.Release|Any CPU.Build.0 = Release|Any CPU
		{CC0A76D9-753C-45BE-97A1-7DCAC783A315}.Release|x64.ActiveCfg = Release|Any CPU
		{CC0A76D9-753C-45BE-97A1-7DCAC783A315}.Release|x64.Build.0 = Release|Any CPU
		{FEC72D4C-FD7D-4973-A00D-E12B6210BEF2}.Debug|Any CPU.ActiveCfg = Debug|Any CPU
		{FEC72D4C-FD7D-4973-A00D-E12B6210BEF2}.Debug|Any CPU.Build.0 = Debug|Any CPU
		{FEC72D4C-FD7D-4973-A00D-E12B6210BEF2}.Debug|x64.ActiveCfg = Debug|Any CPU
		{FEC72D4C-FD7D-4973-A00D-E12B6210BEF2}.Debug|x64.Build.0 = Debug|Any CPU
		{FEC72D4C-FD7D-4973-A00D-E12B6210BEF2}.Release|Any CPU.ActiveCfg = Release|Any CPU
		{FEC72D4C-FD7D-4973-A00D-E12B6210BEF2}.Release|Any CPU.Build.0 = Release|Any CPU
		{FEC72D4C-FD7D-4973-A00D-E12B6210BEF2}.Release|x64.ActiveCfg = Release|Any CPU
		{FEC72D4C-FD7D-4973-A00D-E12B6210BEF2}.Release|x64.Build.0 = Release|Any CPU
		{B6D8A55C-DC4F-4A89-853F-2B6DADE43A88}.Debug|Any CPU.ActiveCfg = Debug|Any CPU
		{B6D8A55C-DC4F-4A89-853F-2B6DADE43A88}.Debug|Any CPU.Build.0 = Debug|Any CPU
		{B6D8A55C-DC4F-4A89-853F-2B6DADE43A88}.Debug|x64.ActiveCfg = Debug|Any CPU
		{B6D8A55C-DC4F-4A89-853F-2B6DADE43A88}.Debug|x64.Build.0 = Debug|Any CPU
		{B6D8A55C-DC4F-4A89-853F-2B6DADE43A88}.Release|Any CPU.ActiveCfg = Release|Any CPU
		{B6D8A55C-DC4F-4A89-853F-2B6DADE43A88}.Release|Any CPU.Build.0 = Release|Any CPU
		{B6D8A55C-DC4F-4A89-853F-2B6DADE43A88}.Release|x64.ActiveCfg = Release|Any CPU
		{B6D8A55C-DC4F-4A89-853F-2B6DADE43A88}.Release|x64.Build.0 = Release|Any CPU
		{5E29FADB-24C3-40C3-8588-8FBC8170F8E0}.Debug|Any CPU.ActiveCfg = Debug|Any CPU
		{5E29FADB-24C3-40C3-8588-8FBC8170F8E0}.Debug|Any CPU.Build.0 = Debug|Any CPU
		{5E29FADB-24C3-40C3-8588-8FBC8170F8E0}.Debug|x64.ActiveCfg = Debug|Any CPU
		{5E29FADB-24C3-40C3-8588-8FBC8170F8E0}.Debug|x64.Build.0 = Debug|Any CPU
		{5E29FADB-24C3-40C3-8588-8FBC8170F8E0}.Release|Any CPU.ActiveCfg = Release|Any CPU
		{5E29FADB-24C3-40C3-8588-8FBC8170F8E0}.Release|Any CPU.Build.0 = Release|Any CPU
		{5E29FADB-24C3-40C3-8588-8FBC8170F8E0}.Release|x64.ActiveCfg = Release|Any CPU
		{5E29FADB-24C3-40C3-8588-8FBC8170F8E0}.Release|x64.Build.0 = Release|Any CPU
		{216196F6-FB10-4CBD-B2B9-C7FDE503B8BB}.Debug|Any CPU.ActiveCfg = Debug|Any CPU
		{216196F6-FB10-4CBD-B2B9-C7FDE503B8BB}.Debug|Any CPU.Build.0 = Debug|Any CPU
		{216196F6-FB10-4CBD-B2B9-C7FDE503B8BB}.Debug|x64.ActiveCfg = Debug|Any CPU
		{216196F6-FB10-4CBD-B2B9-C7FDE503B8BB}.Debug|x64.Build.0 = Debug|Any CPU
		{216196F6-FB10-4CBD-B2B9-C7FDE503B8BB}.Release|Any CPU.ActiveCfg = Release|Any CPU
		{216196F6-FB10-4CBD-B2B9-C7FDE503B8BB}.Release|Any CPU.Build.0 = Release|Any CPU
		{216196F6-FB10-4CBD-B2B9-C7FDE503B8BB}.Release|x64.ActiveCfg = Release|Any CPU
		{216196F6-FB10-4CBD-B2B9-C7FDE503B8BB}.Release|x64.Build.0 = Release|Any CPU
		{247D979E-425D-4F4C-9CF8-BED9DE7934F7}.Debug|Any CPU.ActiveCfg = Debug|Any CPU
		{247D979E-425D-4F4C-9CF8-BED9DE7934F7}.Debug|Any CPU.Build.0 = Debug|Any CPU
		{247D979E-425D-4F4C-9CF8-BED9DE7934F7}.Debug|x64.ActiveCfg = Debug|Any CPU
		{247D979E-425D-4F4C-9CF8-BED9DE7934F7}.Debug|x64.Build.0 = Debug|Any CPU
		{247D979E-425D-4F4C-9CF8-BED9DE7934F7}.Release|Any CPU.ActiveCfg = Release|Any CPU
		{247D979E-425D-4F4C-9CF8-BED9DE7934F7}.Release|Any CPU.Build.0 = Release|Any CPU
		{247D979E-425D-4F4C-9CF8-BED9DE7934F7}.Release|x64.ActiveCfg = Release|Any CPU
		{247D979E-425D-4F4C-9CF8-BED9DE7934F7}.Release|x64.Build.0 = Release|Any CPU
		{56CBB355-1C5D-4E60-BDD0-ED2632BCC5A2}.Debug|Any CPU.ActiveCfg = Debug|Any CPU
		{56CBB355-1C5D-4E60-BDD0-ED2632BCC5A2}.Debug|Any CPU.Build.0 = Debug|Any CPU
		{56CBB355-1C5D-4E60-BDD0-ED2632BCC5A2}.Debug|x64.ActiveCfg = Debug|Any CPU
		{56CBB355-1C5D-4E60-BDD0-ED2632BCC5A2}.Debug|x64.Build.0 = Debug|Any CPU
		{56CBB355-1C5D-4E60-BDD0-ED2632BCC5A2}.Release|Any CPU.ActiveCfg = Release|Any CPU
		{56CBB355-1C5D-4E60-BDD0-ED2632BCC5A2}.Release|Any CPU.Build.0 = Release|Any CPU
		{56CBB355-1C5D-4E60-BDD0-ED2632BCC5A2}.Release|x64.ActiveCfg = Release|Any CPU
		{56CBB355-1C5D-4E60-BDD0-ED2632BCC5A2}.Release|x64.Build.0 = Release|Any CPU
		{4F2F0F14-B4FE-49F9-B06C-9ABA68315772}.Debug|Any CPU.ActiveCfg = Debug|Any CPU
		{4F2F0F14-B4FE-49F9-B06C-9ABA68315772}.Debug|Any CPU.Build.0 = Debug|Any CPU
		{4F2F0F14-B4FE-49F9-B06C-9ABA68315772}.Debug|x64.ActiveCfg = Debug|Any CPU
		{4F2F0F14-B4FE-49F9-B06C-9ABA68315772}.Debug|x64.Build.0 = Debug|Any CPU
		{4F2F0F14-B4FE-49F9-B06C-9ABA68315772}.Release|Any CPU.ActiveCfg = Release|Any CPU
		{4F2F0F14-B4FE-49F9-B06C-9ABA68315772}.Release|Any CPU.Build.0 = Release|Any CPU
		{4F2F0F14-B4FE-49F9-B06C-9ABA68315772}.Release|x64.ActiveCfg = Release|Any CPU
		{4F2F0F14-B4FE-49F9-B06C-9ABA68315772}.Release|x64.Build.0 = Release|Any CPU
		{C23F02FC-4538-43F5-ABBA-38BA069AEA8F}.Debug|Any CPU.ActiveCfg = Debug|Any CPU
		{C23F02FC-4538-43F5-ABBA-38BA069AEA8F}.Debug|Any CPU.Build.0 = Debug|Any CPU
		{C23F02FC-4538-43F5-ABBA-38BA069AEA8F}.Debug|x64.ActiveCfg = Debug|Any CPU
		{C23F02FC-4538-43F5-ABBA-38BA069AEA8F}.Debug|x64.Build.0 = Debug|Any CPU
		{C23F02FC-4538-43F5-ABBA-38BA069AEA8F}.Release|Any CPU.ActiveCfg = Release|Any CPU
		{C23F02FC-4538-43F5-ABBA-38BA069AEA8F}.Release|Any CPU.Build.0 = Release|Any CPU
		{C23F02FC-4538-43F5-ABBA-38BA069AEA8F}.Release|x64.ActiveCfg = Release|Any CPU
		{C23F02FC-4538-43F5-ABBA-38BA069AEA8F}.Release|x64.Build.0 = Release|Any CPU
		{66DD7CD7-C68F-4D0E-9F3D-3B58C49D1467}.Debug|Any CPU.ActiveCfg = Debug|Any CPU
		{66DD7CD7-C68F-4D0E-9F3D-3B58C49D1467}.Debug|Any CPU.Build.0 = Debug|Any CPU
		{66DD7CD7-C68F-4D0E-9F3D-3B58C49D1467}.Debug|x64.ActiveCfg = Debug|Any CPU
		{66DD7CD7-C68F-4D0E-9F3D-3B58C49D1467}.Debug|x64.Build.0 = Debug|Any CPU
		{66DD7CD7-C68F-4D0E-9F3D-3B58C49D1467}.Release|Any CPU.ActiveCfg = Release|Any CPU
		{66DD7CD7-C68F-4D0E-9F3D-3B58C49D1467}.Release|Any CPU.Build.0 = Release|Any CPU
		{66DD7CD7-C68F-4D0E-9F3D-3B58C49D1467}.Release|x64.ActiveCfg = Release|Any CPU
		{66DD7CD7-C68F-4D0E-9F3D-3B58C49D1467}.Release|x64.Build.0 = Release|Any CPU
		{DDC1CE0C-486E-4E35-BB3B-EAB61F8F9440}.Debug|Any CPU.ActiveCfg = Debug|Any CPU
		{DDC1CE0C-486E-4E35-BB3B-EAB61F8F9440}.Debug|Any CPU.Build.0 = Debug|Any CPU
		{DDC1CE0C-486E-4E35-BB3B-EAB61F8F9440}.Debug|x64.ActiveCfg = Debug|Any CPU
		{DDC1CE0C-486E-4E35-BB3B-EAB61F8F9440}.Debug|x64.Build.0 = Debug|Any CPU
		{DDC1CE0C-486E-4E35-BB3B-EAB61F8F9440}.Release|Any CPU.ActiveCfg = Release|Any CPU
		{DDC1CE0C-486E-4E35-BB3B-EAB61F8F9440}.Release|Any CPU.Build.0 = Release|Any CPU
		{DDC1CE0C-486E-4E35-BB3B-EAB61F8F9440}.Release|x64.ActiveCfg = Release|Any CPU
		{DDC1CE0C-486E-4E35-BB3B-EAB61F8F9440}.Release|x64.Build.0 = Release|Any CPU
		{A0187BC2-8325-4BB2-8697-7F955CF4173E}.Debug|Any CPU.ActiveCfg = Debug|Any CPU
		{A0187BC2-8325-4BB2-8697-7F955CF4173E}.Debug|Any CPU.Build.0 = Debug|Any CPU
		{A0187BC2-8325-4BB2-8697-7F955CF4173E}.Debug|x64.ActiveCfg = Debug|Any CPU
		{A0187BC2-8325-4BB2-8697-7F955CF4173E}.Debug|x64.Build.0 = Debug|Any CPU
		{A0187BC2-8325-4BB2-8697-7F955CF4173E}.Release|Any CPU.ActiveCfg = Release|Any CPU
		{A0187BC2-8325-4BB2-8697-7F955CF4173E}.Release|Any CPU.Build.0 = Release|Any CPU
		{A0187BC2-8325-4BB2-8697-7F955CF4173E}.Release|x64.ActiveCfg = Release|Any CPU
		{A0187BC2-8325-4BB2-8697-7F955CF4173E}.Release|x64.Build.0 = Release|Any CPU
		{46BEDDE9-3287-471F-B8E8-6F4BBDA6522F}.Debug|Any CPU.ActiveCfg = Debug|Any CPU
		{46BEDDE9-3287-471F-B8E8-6F4BBDA6522F}.Debug|Any CPU.Build.0 = Debug|Any CPU
		{46BEDDE9-3287-471F-B8E8-6F4BBDA6522F}.Debug|x64.ActiveCfg = Debug|Any CPU
		{46BEDDE9-3287-471F-B8E8-6F4BBDA6522F}.Debug|x64.Build.0 = Debug|Any CPU
		{46BEDDE9-3287-471F-B8E8-6F4BBDA6522F}.Release|Any CPU.ActiveCfg = Release|Any CPU
		{46BEDDE9-3287-471F-B8E8-6F4BBDA6522F}.Release|Any CPU.Build.0 = Release|Any CPU
		{46BEDDE9-3287-471F-B8E8-6F4BBDA6522F}.Release|x64.ActiveCfg = Release|Any CPU
		{46BEDDE9-3287-471F-B8E8-6F4BBDA6522F}.Release|x64.Build.0 = Release|Any CPU
		{FF597868-A763-4C3B-B709-6017A146CCCA}.Debug|Any CPU.ActiveCfg = Debug|Any CPU
		{FF597868-A763-4C3B-B709-6017A146CCCA}.Debug|Any CPU.Build.0 = Debug|Any CPU
		{FF597868-A763-4C3B-B709-6017A146CCCA}.Debug|x64.ActiveCfg = Debug|Any CPU
		{FF597868-A763-4C3B-B709-6017A146CCCA}.Debug|x64.Build.0 = Debug|Any CPU
		{FF597868-A763-4C3B-B709-6017A146CCCA}.Release|Any CPU.ActiveCfg = Release|Any CPU
		{FF597868-A763-4C3B-B709-6017A146CCCA}.Release|Any CPU.Build.0 = Release|Any CPU
		{FF597868-A763-4C3B-B709-6017A146CCCA}.Release|x64.ActiveCfg = Release|Any CPU
		{FF597868-A763-4C3B-B709-6017A146CCCA}.Release|x64.Build.0 = Release|Any CPU
		{CD57FF36-2F1E-4F59-BB80-1BB13BECC391}.Debug|Any CPU.ActiveCfg = Debug|Any CPU
		{CD57FF36-2F1E-4F59-BB80-1BB13BECC391}.Debug|Any CPU.Build.0 = Debug|Any CPU
		{CD57FF36-2F1E-4F59-BB80-1BB13BECC391}.Debug|x64.ActiveCfg = Debug|Any CPU
		{CD57FF36-2F1E-4F59-BB80-1BB13BECC391}.Debug|x64.Build.0 = Debug|Any CPU
		{CD57FF36-2F1E-4F59-BB80-1BB13BECC391}.Release|Any CPU.ActiveCfg = Release|Any CPU
		{CD57FF36-2F1E-4F59-BB80-1BB13BECC391}.Release|Any CPU.Build.0 = Release|Any CPU
		{CD57FF36-2F1E-4F59-BB80-1BB13BECC391}.Release|x64.ActiveCfg = Release|Any CPU
		{CD57FF36-2F1E-4F59-BB80-1BB13BECC391}.Release|x64.Build.0 = Release|Any CPU
		{CCD2BB13-0E23-4126-9FCD-FC57A4D5626F}.Debug|Any CPU.ActiveCfg = Debug|Any CPU
		{CCD2BB13-0E23-4126-9FCD-FC57A4D5626F}.Debug|Any CPU.Build.0 = Debug|Any CPU
		{CCD2BB13-0E23-4126-9FCD-FC57A4D5626F}.Debug|x64.ActiveCfg = Debug|Any CPU
		{CCD2BB13-0E23-4126-9FCD-FC57A4D5626F}.Debug|x64.Build.0 = Debug|Any CPU
		{CCD2BB13-0E23-4126-9FCD-FC57A4D5626F}.Release|Any CPU.ActiveCfg = Release|Any CPU
		{CCD2BB13-0E23-4126-9FCD-FC57A4D5626F}.Release|Any CPU.Build.0 = Release|Any CPU
		{CCD2BB13-0E23-4126-9FCD-FC57A4D5626F}.Release|x64.ActiveCfg = Release|Any CPU
		{CCD2BB13-0E23-4126-9FCD-FC57A4D5626F}.Release|x64.Build.0 = Release|Any CPU
		{B82AF97A-E586-4571-AB3F-3F2D9103BA22}.Debug|Any CPU.ActiveCfg = Debug|Any CPU
		{B82AF97A-E586-4571-AB3F-3F2D9103BA22}.Debug|Any CPU.Build.0 = Debug|Any CPU
		{B82AF97A-E586-4571-AB3F-3F2D9103BA22}.Debug|x64.ActiveCfg = Debug|Any CPU
		{B82AF97A-E586-4571-AB3F-3F2D9103BA22}.Debug|x64.Build.0 = Debug|Any CPU
		{B82AF97A-E586-4571-AB3F-3F2D9103BA22}.Release|Any CPU.ActiveCfg = Release|Any CPU
		{B82AF97A-E586-4571-AB3F-3F2D9103BA22}.Release|Any CPU.Build.0 = Release|Any CPU
		{B82AF97A-E586-4571-AB3F-3F2D9103BA22}.Release|x64.ActiveCfg = Release|Any CPU
		{B82AF97A-E586-4571-AB3F-3F2D9103BA22}.Release|x64.Build.0 = Release|Any CPU
		{3AC4245E-B282-44D1-A028-9F297FDC58CA}.Debug|Any CPU.ActiveCfg = Debug|Any CPU
		{3AC4245E-B282-44D1-A028-9F297FDC58CA}.Debug|Any CPU.Build.0 = Debug|Any CPU
		{3AC4245E-B282-44D1-A028-9F297FDC58CA}.Debug|x64.ActiveCfg = Debug|Any CPU
		{3AC4245E-B282-44D1-A028-9F297FDC58CA}.Debug|x64.Build.0 = Debug|Any CPU
		{3AC4245E-B282-44D1-A028-9F297FDC58CA}.Release|Any CPU.ActiveCfg = Release|Any CPU
		{3AC4245E-B282-44D1-A028-9F297FDC58CA}.Release|Any CPU.Build.0 = Release|Any CPU
		{3AC4245E-B282-44D1-A028-9F297FDC58CA}.Release|x64.ActiveCfg = Release|Any CPU
		{3AC4245E-B282-44D1-A028-9F297FDC58CA}.Release|x64.Build.0 = Release|Any CPU
		{3374F0B6-5C97-4B55-B185-B9E2B9885940}.Debug|Any CPU.ActiveCfg = Debug|Any CPU
		{3374F0B6-5C97-4B55-B185-B9E2B9885940}.Debug|Any CPU.Build.0 = Debug|Any CPU
		{3374F0B6-5C97-4B55-B185-B9E2B9885940}.Debug|x64.ActiveCfg = Debug|Any CPU
		{3374F0B6-5C97-4B55-B185-B9E2B9885940}.Debug|x64.Build.0 = Debug|Any CPU
		{3374F0B6-5C97-4B55-B185-B9E2B9885940}.Release|Any CPU.ActiveCfg = Release|Any CPU
		{3374F0B6-5C97-4B55-B185-B9E2B9885940}.Release|Any CPU.Build.0 = Release|Any CPU
		{3374F0B6-5C97-4B55-B185-B9E2B9885940}.Release|x64.ActiveCfg = Release|Any CPU
		{3374F0B6-5C97-4B55-B185-B9E2B9885940}.Release|x64.Build.0 = Release|Any CPU
		{19700571-0469-4F69-9F40-18A1FADD2894}.Debug|Any CPU.ActiveCfg = Debug|Any CPU
		{19700571-0469-4F69-9F40-18A1FADD2894}.Debug|Any CPU.Build.0 = Debug|Any CPU
		{19700571-0469-4F69-9F40-18A1FADD2894}.Debug|x64.ActiveCfg = Debug|Any CPU
		{19700571-0469-4F69-9F40-18A1FADD2894}.Debug|x64.Build.0 = Debug|Any CPU
		{19700571-0469-4F69-9F40-18A1FADD2894}.Release|Any CPU.ActiveCfg = Release|Any CPU
		{19700571-0469-4F69-9F40-18A1FADD2894}.Release|Any CPU.Build.0 = Release|Any CPU
		{19700571-0469-4F69-9F40-18A1FADD2894}.Release|x64.ActiveCfg = Release|Any CPU
		{19700571-0469-4F69-9F40-18A1FADD2894}.Release|x64.Build.0 = Release|Any CPU
		{29AC99A4-0332-4DE3-826B-605B8FB2DFBE}.Debug|Any CPU.ActiveCfg = Debug|Any CPU
		{29AC99A4-0332-4DE3-826B-605B8FB2DFBE}.Debug|Any CPU.Build.0 = Debug|Any CPU
		{29AC99A4-0332-4DE3-826B-605B8FB2DFBE}.Debug|x64.ActiveCfg = Debug|Any CPU
		{29AC99A4-0332-4DE3-826B-605B8FB2DFBE}.Debug|x64.Build.0 = Debug|Any CPU
		{29AC99A4-0332-4DE3-826B-605B8FB2DFBE}.Release|Any CPU.ActiveCfg = Release|Any CPU
		{29AC99A4-0332-4DE3-826B-605B8FB2DFBE}.Release|Any CPU.Build.0 = Release|Any CPU
		{29AC99A4-0332-4DE3-826B-605B8FB2DFBE}.Release|x64.ActiveCfg = Release|Any CPU
		{29AC99A4-0332-4DE3-826B-605B8FB2DFBE}.Release|x64.Build.0 = Release|Any CPU
		{D6C26E7F-AD91-493F-AC5C-D699960249DB}.Debug|Any CPU.ActiveCfg = Debug|Any CPU
		{D6C26E7F-AD91-493F-AC5C-D699960249DB}.Debug|Any CPU.Build.0 = Debug|Any CPU
		{D6C26E7F-AD91-493F-AC5C-D699960249DB}.Debug|x64.ActiveCfg = Debug|Any CPU
		{D6C26E7F-AD91-493F-AC5C-D699960249DB}.Debug|x64.Build.0 = Debug|Any CPU
		{D6C26E7F-AD91-493F-AC5C-D699960249DB}.Release|Any CPU.ActiveCfg = Release|Any CPU
		{D6C26E7F-AD91-493F-AC5C-D699960249DB}.Release|Any CPU.Build.0 = Release|Any CPU
		{D6C26E7F-AD91-493F-AC5C-D699960249DB}.Release|x64.ActiveCfg = Release|Any CPU
		{D6C26E7F-AD91-493F-AC5C-D699960249DB}.Release|x64.Build.0 = Release|Any CPU
		{6DB7FF7F-6F77-4F79-A670-446E75E7D4DF}.Debug|Any CPU.ActiveCfg = Debug|Any CPU
		{6DB7FF7F-6F77-4F79-A670-446E75E7D4DF}.Debug|Any CPU.Build.0 = Debug|Any CPU
		{6DB7FF7F-6F77-4F79-A670-446E75E7D4DF}.Debug|x64.ActiveCfg = Debug|Any CPU
		{6DB7FF7F-6F77-4F79-A670-446E75E7D4DF}.Debug|x64.Build.0 = Debug|Any CPU
		{6DB7FF7F-6F77-4F79-A670-446E75E7D4DF}.Release|Any CPU.ActiveCfg = Release|Any CPU
		{6DB7FF7F-6F77-4F79-A670-446E75E7D4DF}.Release|Any CPU.Build.0 = Release|Any CPU
		{6DB7FF7F-6F77-4F79-A670-446E75E7D4DF}.Release|x64.ActiveCfg = Release|Any CPU
		{6DB7FF7F-6F77-4F79-A670-446E75E7D4DF}.Release|x64.Build.0 = Release|Any CPU
		{3498324D-8BF5-4C9A-843A-7D28E0A70321}.Debug|Any CPU.ActiveCfg = Debug|Any CPU
		{3498324D-8BF5-4C9A-843A-7D28E0A70321}.Debug|Any CPU.Build.0 = Debug|Any CPU
		{3498324D-8BF5-4C9A-843A-7D28E0A70321}.Debug|x64.ActiveCfg = Debug|Any CPU
		{3498324D-8BF5-4C9A-843A-7D28E0A70321}.Debug|x64.Build.0 = Debug|Any CPU
		{3498324D-8BF5-4C9A-843A-7D28E0A70321}.Release|Any CPU.ActiveCfg = Release|Any CPU
		{3498324D-8BF5-4C9A-843A-7D28E0A70321}.Release|Any CPU.Build.0 = Release|Any CPU
		{3498324D-8BF5-4C9A-843A-7D28E0A70321}.Release|x64.ActiveCfg = Release|Any CPU
		{3498324D-8BF5-4C9A-843A-7D28E0A70321}.Release|x64.Build.0 = Release|Any CPU
	EndGlobalSection
	GlobalSection(SolutionProperties) = preSolution
		HideSolutionNode = FALSE
	EndGlobalSection
	GlobalSection(NestedProjects) = preSolution
		{FCB11E14-A4AF-40BA-8AA6-F63A3229479B} = {43581BD3-4767-4D8D-BEAE-EA2006B44B80}
		{4C7A6BBA-8E22-431C-8639-DED8D77891E4} = {43581BD3-4767-4D8D-BEAE-EA2006B44B80}
		{1BDA3BD3-DD0E-4BBE-BCBE-53FF2724DBF5} = {43581BD3-4767-4D8D-BEAE-EA2006B44B80}
		{B6D8A55C-DC4F-4A89-853F-2B6DADE43A88} = {43581BD3-4767-4D8D-BEAE-EA2006B44B80}
		{5E29FADB-24C3-40C3-8588-8FBC8170F8E0} = {43581BD3-4767-4D8D-BEAE-EA2006B44B80}
		{216196F6-FB10-4CBD-B2B9-C7FDE503B8BB} = {6384F721-D4A6-4B2E-BEED-68E4231FA1D5}
		{247D979E-425D-4F4C-9CF8-BED9DE7934F7} = {6384F721-D4A6-4B2E-BEED-68E4231FA1D5}
		{56CBB355-1C5D-4E60-BDD0-ED2632BCC5A2} = {6384F721-D4A6-4B2E-BEED-68E4231FA1D5}
		{4F2F0F14-B4FE-49F9-B06C-9ABA68315772} = {6384F721-D4A6-4B2E-BEED-68E4231FA1D5}
		{C23F02FC-4538-43F5-ABBA-38BA069AEA8F} = {6384F721-D4A6-4B2E-BEED-68E4231FA1D5}
		{66DD7CD7-C68F-4D0E-9F3D-3B58C49D1467} = {6384F721-D4A6-4B2E-BEED-68E4231FA1D5}
		{DDC1CE0C-486E-4E35-BB3B-EAB61F8F9440} = {6384F721-D4A6-4B2E-BEED-68E4231FA1D5}
		{A0187BC2-8325-4BB2-8697-7F955CF4173E} = {6384F721-D4A6-4B2E-BEED-68E4231FA1D5}
		{B82AF97A-E586-4571-AB3F-3F2D9103BA22} = {43581BD3-4767-4D8D-BEAE-EA2006B44B80}
		{3AC4245E-B282-44D1-A028-9F297FDC58CA} = {43581BD3-4767-4D8D-BEAE-EA2006B44B80}
		{3374F0B6-5C97-4B55-B185-B9E2B9885940} = {43581BD3-4767-4D8D-BEAE-EA2006B44B80}
		{19700571-0469-4F69-9F40-18A1FADD2894} = {43581BD3-4767-4D8D-BEAE-EA2006B44B80}
		{29AC99A4-0332-4DE3-826B-605B8FB2DFBE} = {43581BD3-4767-4D8D-BEAE-EA2006B44B80}
	EndGlobalSection
	GlobalSection(ExtensibilityGlobals) = postSolution
		SolutionGuid = {B977FE37-4E88-4BF4-812C-8D6F39A5D476}
	EndGlobalSection
EndGlobal
