
Microsoft Visual Studio Solution File, Format Version 12.00
# Visual Studio Version 16
VisualStudioVersion = 16.0.28902.138
MinimumVisualStudioVersion = 15.0
Project("{2150E333-8FDC-42A3-9474-1A3956D46DE8}") = "src", "src", "{A9836F9E-6DB3-4D9F-ADCA-CF42D8C8BA93}"
EndProject
Project("{2150E333-8FDC-42A3-9474-1A3956D46DE8}") = "Solution Items", "Solution Items", "{A72045D4-B048-4697-9535-C3A6EDCA85B9}"
	ProjectSection(SolutionItems) = preProject
		Mvc5.27\global.json = Mvc5.27\global.json
	EndProjectSection
EndProject
Project("{FAE04EC0-301F-11D3-BF4B-00C04F79EFBC}") = "System.Web.Helpers", "Mvc5.27\src\System.Web.Helpers\System.Web.Helpers.csproj", "{9B7E3740-6161-4548-833C-4BBCA43B970E}"
EndProject
Project("{FAE04EC0-301F-11D3-BF4B-00C04F79EFBC}") = "System.Web.Razor", "Mvc5.27\src\System.Web.Razor\System.Web.Razor.csproj", "{8F18041B-9410-4C36-A9C5-067813DF5F31}"
EndProject
Project("{FAE04EC0-301F-11D3-BF4B-00C04F79EFBC}") = "System.Web.Http.WebHost", "Mvc5.27\src\System.Web.Http.WebHost\System.Web.Http.WebHost.csproj", "{A0187BC2-8325-4BB2-8697-7F955CF4173E}"
EndProject
Project("{2150E333-8FDC-42A3-9474-1A3956D46DE8}") = "http", "http", "{A0A7D45F-0778-4F83-ABD0-10BB4BB6FAB6}"
EndProject
Project("{FAE04EC0-301F-11D3-BF4B-00C04F79EFBC}") = "System.Net.Http.Formatting", "Mvc5.27\src\System.Net.Http.Formatting\System.Net.Http.Formatting.csproj", "{668E9021-CE84-49D9-98FB-DF125A9FCDB0}"
EndProject
Project("{FAE04EC0-301F-11D3-BF4B-00C04F79EFBC}") = "System.Web.Http", "Mvc5.27\src\System.Web.Http\System.Web.Http.csproj", "{DDC1CE0C-486E-4E35-BB3B-EAB61F8F9440}"
EndProject
Project("{FAE04EC0-301F-11D3-BF4B-00C04F79EFBC}") = "System.Web.Mvc", "Mvc5.27\src\System.Web.Mvc\System.Web.Mvc.csproj", "{3D3FFD8A-624D-4E9B-954B-E1C105507975}"
EndProject
Project("{FAE04EC0-301F-11D3-BF4B-00C04F79EFBC}") = "System.Web.WebPages", "Mvc5.27\src\System.Web.WebPages\System.Web.WebPages.csproj", "{76EFA9C5-8D7E-4FDF-B710-E20F8B6B00D2}"
EndProject
Project("{FAE04EC0-301F-11D3-BF4B-00C04F79EFBC}") = "System.Web.WebPages.Deployment", "Mvc5.27\src\System.Web.WebPages.Deployment\System.Web.WebPages.Deployment.csproj", "{22BABB60-8F02-4027-AFFC-ACF069954536}"
EndProject
Project("{FAE04EC0-301F-11D3-BF4B-00C04F79EFBC}") = "System.Web.WebPages.Razor", "Mvc5.27\src\System.Web.WebPages.Razor\System.Web.WebPages.Razor.csproj", "{0939B11A-FE4E-4BA1-8AD6-D97741EE314F}"
EndProject
Project("{FAE04EC0-301F-11D3-BF4B-00C04F79EFBC}") = "System.Web.Http.Cors", "Mvc5.27\src\System.Web.Http.Cors\System.Web.Http.Cors.csproj", "{25DEF6F6-7F99-4EB7-91ED-5181A346AFE1}"
EndProject
Project("{FAE04EC0-301F-11D3-BF4B-00C04F79EFBC}") = "System.Web.Cors", "Mvc5.27\src\System.Web.Cors\System.Web.Cors.csproj", "{43C1B979-D593-4A32-BB3A-4316F1C66D66}"
EndProject
Project("{2150E333-8FDC-42A3-9474-1A3956D46DE8}") = "test", "test", "{34149A5B-4117-4D41-AD78-0E5844ED8832}"
EndProject
Project("{FAE04EC0-301F-11D3-BF4B-00C04F79EFBC}") = "System.Net.Http.Formatting.Test", "Mvc5.27\test\System.Net.Http.Formatting.Test\System.Net.Http.Formatting.Test.csproj", "{7AF77741-9158-4D5F-8782-8F21FADF025F}"
EndProject
Project("{FAE04EC0-301F-11D3-BF4B-00C04F79EFBC}") = "Microsoft.TestCommon", "Mvc5.27\test\Microsoft.TestCommon\Microsoft.TestCommon.csproj", "{FCCC4CB7-BAF7-4A57-9F89-E5766FE536C0}"
EndProject
Project("{FAE04EC0-301F-11D3-BF4B-00C04F79EFBC}") = "System.Web.Razor.Test", "Mvc5.27\test\System.Web.Razor.Test\System.Web.Razor.Test.csproj", "{0BB62A1D-E6B5-49FA-9E3C-6AF679A66DFE}"
EndProject
Project("{FAE04EC0-301F-11D3-BF4B-00C04F79EFBC}") = "System.Web.Http.Test", "Mvc5.27\test\System.Web.Http.Test\System.Web.Http.Test.csproj", "{7F2C796F-43B2-4F8F-ABFF-A154EC8AAFA1}"
EndProject
Project("{2150E333-8FDC-42A3-9474-1A3956D46DE8}") = "base", "base", "{8D2B965D-924F-49F5-99C2-A995407939C4}"
EndProject
Project("{2150E333-8FDC-42A3-9474-1A3956D46DE8}") = "base.web", "base.web", "{43AF5042-4428-4058-A31B-2D8328A49183}"
EndProject
Project("{9A19103F-16F7-4668-BE54-9A1E7A4F7556}") = "System.Data", "..\System.Data\System.Data.csproj", "{25404A3F-2E9E-442D-943C-B5610D89901B}"
EndProject
Project("{9A19103F-16F7-4668-BE54-9A1E7A4F7556}") = "mscorlib", "..\mscorlib\mscorlib.csproj", "{4627BDAB-CA24-40D0-A627-01692BA51B44}"
EndProject
Project("{9A19103F-16F7-4668-BE54-9A1E7A4F7556}") = "System.Core", "..\System.Core\System.Core.csproj", "{8E717C50-E6F6-4AF3-8DA7-6838D96EE1A9}"
EndProject
Project("{9A19103F-16F7-4668-BE54-9A1E7A4F7556}") = "System.Web", "..\System.Web\System.Web.csproj", "{DACF371F-CF89-481B-BD2A-FB89838715B8}"
EndProject
Project("{9A19103F-16F7-4668-BE54-9A1E7A4F7556}") = "htmlgen", "src\htmlgen.csproj", "{10D6E0C1-1280-4E94-A5F5-82EC986BEDEE}"
EndProject
Project("{9A19103F-16F7-4668-BE54-9A1E7A4F7556}") = "System", "..\System\System.csproj", "{CE32AD1C-0A5D-4A22-98C0-DEA95A871195}"
EndProject
Project("{9A19103F-16F7-4668-BE54-9A1E7A4F7556}") = "BuildLogParser", "..\..\OmniX\SourceBrowser\src\BuildLogParser\BuildLogParser.csproj", "{FD263E16-02EC-416C-AA88-DA1B70348B13}"
EndProject
Project("{9A19103F-16F7-4668-BE54-9A1E7A4F7556}") = "Common", "..\..\OmniX\SourceBrowser\src\Common\Common.csproj", "{15C09920-D832-4483-8F41-FED17938EB23}"
EndProject
Project("{9A19103F-16F7-4668-BE54-9A1E7A4F7556}") = "HtmlGenerator.Tests", "..\..\OmniX\SourceBrowser\src\HtmlGenerator.Tests\HtmlGenerator.Tests.csproj", "{12AC0939-7621-4739-9D40-7A1B11417E01}"
EndProject
Project("{9A19103F-16F7-4668-BE54-9A1E7A4F7556}") = "MEF", "..\..\OmniX\SourceBrowser\src\MEF\MEF.csproj", "{CEAC64B9-BD8C-4E68-9385-4CD6A5F3A6A3}"
EndProject
Project("{9A19103F-16F7-4668-BE54-9A1E7A4F7556}") = "GitGlyph", "..\..\OmniX\SourceBrowser\src\GitGlyph\GitGlyph.csproj", "{51DCED16-4270-412A-B45B-3297393687A3}"
EndProject
Project("{9A19103F-16F7-4668-BE54-9A1E7A4F7556}") = "System.Configuration", "..\System.Configuration\System.Configuration.csproj", "{E599ACA4-61A1-4260-AAC4-EEEF69F1B168}"
EndProject
Project("{9A19103F-16F7-4668-BE54-9A1E7A4F7556}") = "HtmlGenerator", "..\..\..\..\OmniX\SourceBrowser\src\HtmlGenerator\HtmlGenerator.csproj", "{9F2B1FDA-FFF4-439A-B8D1-3407E5D9695E}"
EndProject
Global
	GlobalSection(SolutionConfigurationPlatforms) = preSolution
		CodeAnalysis|Any CPU = CodeAnalysis|Any CPU
		Debug|Any CPU = Debug|Any CPU
		Release|Any CPU = Release|Any CPU
	EndGlobalSection
	GlobalSection(ProjectConfigurationPlatforms) = postSolution
		{9B7E3740-6161-4548-833C-4BBCA43B970E}.CodeAnalysis|Any CPU.ActiveCfg = CodeAnalysis|Any CPU
		{9B7E3740-6161-4548-833C-4BBCA43B970E}.CodeAnalysis|Any CPU.Build.0 = CodeAnalysis|Any CPU
		{9B7E3740-6161-4548-833C-4BBCA43B970E}.Debug|Any CPU.ActiveCfg = Debug|Any CPU
		{9B7E3740-6161-4548-833C-4BBCA43B970E}.Debug|Any CPU.Build.0 = Debug|Any CPU
		{9B7E3740-6161-4548-833C-4BBCA43B970E}.Release|Any CPU.ActiveCfg = Release|Any CPU
		{9B7E3740-6161-4548-833C-4BBCA43B970E}.Release|Any CPU.Build.0 = Release|Any CPU
		{8F18041B-9410-4C36-A9C5-067813DF5F31}.CodeAnalysis|Any CPU.ActiveCfg = Debug|Any CPU
		{8F18041B-9410-4C36-A9C5-067813DF5F31}.CodeAnalysis|Any CPU.Build.0 = Debug|Any CPU
		{8F18041B-9410-4C36-A9C5-067813DF5F31}.Debug|Any CPU.ActiveCfg = Debug|Any CPU
		{8F18041B-9410-4C36-A9C5-067813DF5F31}.Debug|Any CPU.Build.0 = Debug|Any CPU
		{8F18041B-9410-4C36-A9C5-067813DF5F31}.Release|Any CPU.ActiveCfg = Debug|Any CPU
		{8F18041B-9410-4C36-A9C5-067813DF5F31}.Release|Any CPU.Build.0 = Debug|Any CPU
		{A0187BC2-8325-4BB2-8697-7F955CF4173E}.CodeAnalysis|Any CPU.ActiveCfg = CodeAnalysis|Any CPU
		{A0187BC2-8325-4BB2-8697-7F955CF4173E}.CodeAnalysis|Any CPU.Build.0 = CodeAnalysis|Any CPU
		{A0187BC2-8325-4BB2-8697-7F955CF4173E}.Debug|Any CPU.ActiveCfg = Debug|Any CPU
		{A0187BC2-8325-4BB2-8697-7F955CF4173E}.Debug|Any CPU.Build.0 = Debug|Any CPU
		{A0187BC2-8325-4BB2-8697-7F955CF4173E}.Release|Any CPU.ActiveCfg = Release|Any CPU
		{A0187BC2-8325-4BB2-8697-7F955CF4173E}.Release|Any CPU.Build.0 = Release|Any CPU
		{668E9021-CE84-49D9-98FB-DF125A9FCDB0}.CodeAnalysis|Any CPU.ActiveCfg = CodeAnalysis|Any CPU
		{668E9021-CE84-49D9-98FB-DF125A9FCDB0}.CodeAnalysis|Any CPU.Build.0 = CodeAnalysis|Any CPU
		{668E9021-CE84-49D9-98FB-DF125A9FCDB0}.Debug|Any CPU.ActiveCfg = Debug|Any CPU
		{668E9021-CE84-49D9-98FB-DF125A9FCDB0}.Debug|Any CPU.Build.0 = Debug|Any CPU
		{668E9021-CE84-49D9-98FB-DF125A9FCDB0}.Release|Any CPU.ActiveCfg = Release|Any CPU
		{668E9021-CE84-49D9-98FB-DF125A9FCDB0}.Release|Any CPU.Build.0 = Release|Any CPU
		{DDC1CE0C-486E-4E35-BB3B-EAB61F8F9440}.CodeAnalysis|Any CPU.ActiveCfg = CodeAnalysis|Any CPU
		{DDC1CE0C-486E-4E35-BB3B-EAB61F8F9440}.CodeAnalysis|Any CPU.Build.0 = CodeAnalysis|Any CPU
		{DDC1CE0C-486E-4E35-BB3B-EAB61F8F9440}.Debug|Any CPU.ActiveCfg = Debug|Any CPU
		{DDC1CE0C-486E-4E35-BB3B-EAB61F8F9440}.Debug|Any CPU.Build.0 = Debug|Any CPU
		{DDC1CE0C-486E-4E35-BB3B-EAB61F8F9440}.Release|Any CPU.ActiveCfg = Release|Any CPU
		{DDC1CE0C-486E-4E35-BB3B-EAB61F8F9440}.Release|Any CPU.Build.0 = Release|Any CPU
		{3D3FFD8A-624D-4E9B-954B-E1C105507975}.CodeAnalysis|Any CPU.ActiveCfg = Debug|Any CPU
		{3D3FFD8A-624D-4E9B-954B-E1C105507975}.CodeAnalysis|Any CPU.Build.0 = Debug|Any CPU
		{3D3FFD8A-624D-4E9B-954B-E1C105507975}.Debug|Any CPU.ActiveCfg = Debug|Any CPU
		{3D3FFD8A-624D-4E9B-954B-E1C105507975}.Debug|Any CPU.Build.0 = Debug|Any CPU
		{3D3FFD8A-624D-4E9B-954B-E1C105507975}.Release|Any CPU.ActiveCfg = Debug|Any CPU
		{3D3FFD8A-624D-4E9B-954B-E1C105507975}.Release|Any CPU.Build.0 = Debug|Any CPU
		{76EFA9C5-8D7E-4FDF-B710-E20F8B6B00D2}.CodeAnalysis|Any CPU.ActiveCfg = Debug|Any CPU
		{76EFA9C5-8D7E-4FDF-B710-E20F8B6B00D2}.CodeAnalysis|Any CPU.Build.0 = Debug|Any CPU
		{76EFA9C5-8D7E-4FDF-B710-E20F8B6B00D2}.Debug|Any CPU.ActiveCfg = Debug|Any CPU
		{76EFA9C5-8D7E-4FDF-B710-E20F8B6B00D2}.Debug|Any CPU.Build.0 = Debug|Any CPU
		{76EFA9C5-8D7E-4FDF-B710-E20F8B6B00D2}.Release|Any CPU.ActiveCfg = Debug|Any CPU
		{76EFA9C5-8D7E-4FDF-B710-E20F8B6B00D2}.Release|Any CPU.Build.0 = Debug|Any CPU
		{22BABB60-8F02-4027-AFFC-ACF069954536}.CodeAnalysis|Any CPU.ActiveCfg = CodeAnalysis|Any CPU
		{22BABB60-8F02-4027-AFFC-ACF069954536}.CodeAnalysis|Any CPU.Build.0 = CodeAnalysis|Any CPU
		{22BABB60-8F02-4027-AFFC-ACF069954536}.Debug|Any CPU.ActiveCfg = Debug|Any CPU
		{22BABB60-8F02-4027-AFFC-ACF069954536}.Debug|Any CPU.Build.0 = Debug|Any CPU
		{22BABB60-8F02-4027-AFFC-ACF069954536}.Release|Any CPU.ActiveCfg = Release|Any CPU
		{22BABB60-8F02-4027-AFFC-ACF069954536}.Release|Any CPU.Build.0 = Release|Any CPU
		{0939B11A-FE4E-4BA1-8AD6-D97741EE314F}.CodeAnalysis|Any CPU.ActiveCfg = CodeAnalysis|Any CPU
		{0939B11A-FE4E-4BA1-8AD6-D97741EE314F}.CodeAnalysis|Any CPU.Build.0 = CodeAnalysis|Any CPU
		{0939B11A-FE4E-4BA1-8AD6-D97741EE314F}.Debug|Any CPU.ActiveCfg = Debug|Any CPU
		{0939B11A-FE4E-4BA1-8AD6-D97741EE314F}.Debug|Any CPU.Build.0 = Debug|Any CPU
		{0939B11A-FE4E-4BA1-8AD6-D97741EE314F}.Release|Any CPU.ActiveCfg = Release|Any CPU
		{0939B11A-FE4E-4BA1-8AD6-D97741EE314F}.Release|Any CPU.Build.0 = Release|Any CPU
		{25DEF6F6-7F99-4EB7-91ED-5181A346AFE1}.CodeAnalysis|Any CPU.ActiveCfg = CodeAnalysis|Any CPU
		{25DEF6F6-7F99-4EB7-91ED-5181A346AFE1}.CodeAnalysis|Any CPU.Build.0 = CodeAnalysis|Any CPU
		{25DEF6F6-7F99-4EB7-91ED-5181A346AFE1}.Debug|Any CPU.ActiveCfg = Debug|Any CPU
		{25DEF6F6-7F99-4EB7-91ED-5181A346AFE1}.Debug|Any CPU.Build.0 = Debug|Any CPU
		{25DEF6F6-7F99-4EB7-91ED-5181A346AFE1}.Release|Any CPU.ActiveCfg = Release|Any CPU
		{25DEF6F6-7F99-4EB7-91ED-5181A346AFE1}.Release|Any CPU.Build.0 = Release|Any CPU
		{43C1B979-D593-4A32-BB3A-4316F1C66D66}.CodeAnalysis|Any CPU.ActiveCfg = CodeAnalysis|Any CPU
		{43C1B979-D593-4A32-BB3A-4316F1C66D66}.CodeAnalysis|Any CPU.Build.0 = CodeAnalysis|Any CPU
		{43C1B979-D593-4A32-BB3A-4316F1C66D66}.Debug|Any CPU.ActiveCfg = Debug|Any CPU
		{43C1B979-D593-4A32-BB3A-4316F1C66D66}.Debug|Any CPU.Build.0 = Debug|Any CPU
		{43C1B979-D593-4A32-BB3A-4316F1C66D66}.Release|Any CPU.ActiveCfg = Release|Any CPU
		{43C1B979-D593-4A32-BB3A-4316F1C66D66}.Release|Any CPU.Build.0 = Release|Any CPU
		{7AF77741-9158-4D5F-8782-8F21FADF025F}.CodeAnalysis|Any CPU.ActiveCfg = CodeAnalysis|Any CPU
		{7AF77741-9158-4D5F-8782-8F21FADF025F}.CodeAnalysis|Any CPU.Build.0 = CodeAnalysis|Any CPU
		{7AF77741-9158-4D5F-8782-8F21FADF025F}.Debug|Any CPU.ActiveCfg = Debug|Any CPU
		{7AF77741-9158-4D5F-8782-8F21FADF025F}.Debug|Any CPU.Build.0 = Debug|Any CPU
		{7AF77741-9158-4D5F-8782-8F21FADF025F}.Release|Any CPU.ActiveCfg = Release|Any CPU
		{7AF77741-9158-4D5F-8782-8F21FADF025F}.Release|Any CPU.Build.0 = Release|Any CPU
		{FCCC4CB7-BAF7-4A57-9F89-E5766FE536C0}.CodeAnalysis|Any CPU.ActiveCfg = CodeAnalysis|Any CPU
		{FCCC4CB7-BAF7-4A57-9F89-E5766FE536C0}.CodeAnalysis|Any CPU.Build.0 = CodeAnalysis|Any CPU
		{FCCC4CB7-BAF7-4A57-9F89-E5766FE536C0}.Debug|Any CPU.ActiveCfg = Debug|Any CPU
		{FCCC4CB7-BAF7-4A57-9F89-E5766FE536C0}.Debug|Any CPU.Build.0 = Debug|Any CPU
		{FCCC4CB7-BAF7-4A57-9F89-E5766FE536C0}.Release|Any CPU.ActiveCfg = Release|Any CPU
		{FCCC4CB7-BAF7-4A57-9F89-E5766FE536C0}.Release|Any CPU.Build.0 = Release|Any CPU
		{0BB62A1D-E6B5-49FA-9E3C-6AF679A66DFE}.CodeAnalysis|Any CPU.ActiveCfg = CodeAnalysis|Any CPU
		{0BB62A1D-E6B5-49FA-9E3C-6AF679A66DFE}.CodeAnalysis|Any CPU.Build.0 = CodeAnalysis|Any CPU
		{0BB62A1D-E6B5-49FA-9E3C-6AF679A66DFE}.Debug|Any CPU.ActiveCfg = Debug|Any CPU
		{0BB62A1D-E6B5-49FA-9E3C-6AF679A66DFE}.Debug|Any CPU.Build.0 = Debug|Any CPU
		{0BB62A1D-E6B5-49FA-9E3C-6AF679A66DFE}.Release|Any CPU.ActiveCfg = Release|Any CPU
		{0BB62A1D-E6B5-49FA-9E3C-6AF679A66DFE}.Release|Any CPU.Build.0 = Release|Any CPU
		{7F2C796F-43B2-4F8F-ABFF-A154EC8AAFA1}.CodeAnalysis|Any CPU.ActiveCfg = CodeAnalysis|Any CPU
		{7F2C796F-43B2-4F8F-ABFF-A154EC8AAFA1}.CodeAnalysis|Any CPU.Build.0 = CodeAnalysis|Any CPU
		{7F2C796F-43B2-4F8F-ABFF-A154EC8AAFA1}.Debug|Any CPU.ActiveCfg = Debug|Any CPU
		{7F2C796F-43B2-4F8F-ABFF-A154EC8AAFA1}.Debug|Any CPU.Build.0 = Debug|Any CPU
		{7F2C796F-43B2-4F8F-ABFF-A154EC8AAFA1}.Release|Any CPU.ActiveCfg = Release|Any CPU
		{7F2C796F-43B2-4F8F-ABFF-A154EC8AAFA1}.Release|Any CPU.Build.0 = Release|Any CPU
		{25404A3F-2E9E-442D-943C-B5610D89901B}.CodeAnalysis|Any CPU.ActiveCfg = Debug|Any CPU
		{25404A3F-2E9E-442D-943C-B5610D89901B}.CodeAnalysis|Any CPU.Build.0 = Debug|Any CPU
		{25404A3F-2E9E-442D-943C-B5610D89901B}.Debug|Any CPU.ActiveCfg = Debug|Any CPU
		{25404A3F-2E9E-442D-943C-B5610D89901B}.Debug|Any CPU.Build.0 = Debug|Any CPU
		{25404A3F-2E9E-442D-943C-B5610D89901B}.Release|Any CPU.ActiveCfg = Release|Any CPU
		{25404A3F-2E9E-442D-943C-B5610D89901B}.Release|Any CPU.Build.0 = Release|Any CPU
		{4627BDAB-CA24-40D0-A627-01692BA51B44}.CodeAnalysis|Any CPU.ActiveCfg = Debug|Any CPU
		{4627BDAB-CA24-40D0-A627-01692BA51B44}.CodeAnalysis|Any CPU.Build.0 = Debug|Any CPU
		{4627BDAB-CA24-40D0-A627-01692BA51B44}.Debug|Any CPU.ActiveCfg = Debug|Any CPU
		{4627BDAB-CA24-40D0-A627-01692BA51B44}.Debug|Any CPU.Build.0 = Debug|Any CPU
		{4627BDAB-CA24-40D0-A627-01692BA51B44}.Release|Any CPU.ActiveCfg = Release|Any CPU
		{4627BDAB-CA24-40D0-A627-01692BA51B44}.Release|Any CPU.Build.0 = Release|Any CPU
		{8E717C50-E6F6-4AF3-8DA7-6838D96EE1A9}.CodeAnalysis|Any CPU.ActiveCfg = Debug|Any CPU
		{8E717C50-E6F6-4AF3-8DA7-6838D96EE1A9}.CodeAnalysis|Any CPU.Build.0 = Debug|Any CPU
		{8E717C50-E6F6-4AF3-8DA7-6838D96EE1A9}.Debug|Any CPU.ActiveCfg = Debug|Any CPU
		{8E717C50-E6F6-4AF3-8DA7-6838D96EE1A9}.Debug|Any CPU.Build.0 = Debug|Any CPU
		{8E717C50-E6F6-4AF3-8DA7-6838D96EE1A9}.Release|Any CPU.ActiveCfg = Release|Any CPU
		{8E717C50-E6F6-4AF3-8DA7-6838D96EE1A9}.Release|Any CPU.Build.0 = Release|Any CPU
		{DACF371F-CF89-481B-BD2A-FB89838715B8}.CodeAnalysis|Any CPU.ActiveCfg = Debug|Any CPU
		{DACF371F-CF89-481B-BD2A-FB89838715B8}.CodeAnalysis|Any CPU.Build.0 = Debug|Any CPU
		{DACF371F-CF89-481B-BD2A-FB89838715B8}.Debug|Any CPU.ActiveCfg = Debug|Any CPU
		{DACF371F-CF89-481B-BD2A-FB89838715B8}.Debug|Any CPU.Build.0 = Debug|Any CPU
		{DACF371F-CF89-481B-BD2A-FB89838715B8}.Release|Any CPU.ActiveCfg = Release|Any CPU
		{DACF371F-CF89-481B-BD2A-FB89838715B8}.Release|Any CPU.Build.0 = Release|Any CPU
		{10D6E0C1-1280-4E94-A5F5-82EC986BEDEE}.CodeAnalysis|Any CPU.ActiveCfg = Debug|Any CPU
		{10D6E0C1-1280-4E94-A5F5-82EC986BEDEE}.CodeAnalysis|Any CPU.Build.0 = Debug|Any CPU
		{10D6E0C1-1280-4E94-A5F5-82EC986BEDEE}.Debug|Any CPU.ActiveCfg = Debug|Any CPU
		{10D6E0C1-1280-4E94-A5F5-82EC986BEDEE}.Debug|Any CPU.Build.0 = Debug|Any CPU
		{10D6E0C1-1280-4E94-A5F5-82EC986BEDEE}.Release|Any CPU.ActiveCfg = Release|Any CPU
		{10D6E0C1-1280-4E94-A5F5-82EC986BEDEE}.Release|Any CPU.Build.0 = Release|Any CPU
		{CE32AD1C-0A5D-4A22-98C0-DEA95A871195}.CodeAnalysis|Any CPU.ActiveCfg = Debug|Any CPU
		{CE32AD1C-0A5D-4A22-98C0-DEA95A871195}.CodeAnalysis|Any CPU.Build.0 = Debug|Any CPU
		{CE32AD1C-0A5D-4A22-98C0-DEA95A871195}.Debug|Any CPU.ActiveCfg = Debug|Any CPU
		{CE32AD1C-0A5D-4A22-98C0-DEA95A871195}.Debug|Any CPU.Build.0 = Debug|Any CPU
		{CE32AD1C-0A5D-4A22-98C0-DEA95A871195}.Release|Any CPU.ActiveCfg = Release|Any CPU
		{CE32AD1C-0A5D-4A22-98C0-DEA95A871195}.Release|Any CPU.Build.0 = Release|Any CPU
		{FD263E16-02EC-416C-AA88-DA1B70348B13}.CodeAnalysis|Any CPU.ActiveCfg = Debug|Any CPU
		{FD263E16-02EC-416C-AA88-DA1B70348B13}.CodeAnalysis|Any CPU.Build.0 = Debug|Any CPU
		{FD263E16-02EC-416C-AA88-DA1B70348B13}.Debug|Any CPU.ActiveCfg = Debug|Any CPU
		{FD263E16-02EC-416C-AA88-DA1B70348B13}.Debug|Any CPU.Build.0 = Debug|Any CPU
		{FD263E16-02EC-416C-AA88-DA1B70348B13}.Release|Any CPU.ActiveCfg = Release|Any CPU
		{FD263E16-02EC-416C-AA88-DA1B70348B13}.Release|Any CPU.Build.0 = Release|Any CPU
		{15C09920-D832-4483-8F41-FED17938EB23}.CodeAnalysis|Any CPU.ActiveCfg = Debug|Any CPU
		{15C09920-D832-4483-8F41-FED17938EB23}.CodeAnalysis|Any CPU.Build.0 = Debug|Any CPU
		{15C09920-D832-4483-8F41-FED17938EB23}.Debug|Any CPU.ActiveCfg = Debug|Any CPU
		{15C09920-D832-4483-8F41-FED17938EB23}.Debug|Any CPU.Build.0 = Debug|Any CPU
		{15C09920-D832-4483-8F41-FED17938EB23}.Release|Any CPU.ActiveCfg = Release|Any CPU
		{15C09920-D832-4483-8F41-FED17938EB23}.Release|Any CPU.Build.0 = Release|Any CPU
		{12AC0939-7621-4739-9D40-7A1B11417E01}.CodeAnalysis|Any CPU.ActiveCfg = Debug|Any CPU
		{12AC0939-7621-4739-9D40-7A1B11417E01}.CodeAnalysis|Any CPU.Build.0 = Debug|Any CPU
		{12AC0939-7621-4739-9D40-7A1B11417E01}.Debug|Any CPU.ActiveCfg = Debug|Any CPU
		{12AC0939-7621-4739-9D40-7A1B11417E01}.Debug|Any CPU.Build.0 = Debug|Any CPU
		{12AC0939-7621-4739-9D40-7A1B11417E01}.Release|Any CPU.ActiveCfg = Release|Any CPU
		{12AC0939-7621-4739-9D40-7A1B11417E01}.Release|Any CPU.Build.0 = Release|Any CPU
		{CEAC64B9-BD8C-4E68-9385-4CD6A5F3A6A3}.CodeAnalysis|Any CPU.ActiveCfg = Debug|Any CPU
		{CEAC64B9-BD8C-4E68-9385-4CD6A5F3A6A3}.CodeAnalysis|Any CPU.Build.0 = Debug|Any CPU
		{CEAC64B9-BD8C-4E68-9385-4CD6A5F3A6A3}.Debug|Any CPU.ActiveCfg = Debug|Any CPU
		{CEAC64B9-BD8C-4E68-9385-4CD6A5F3A6A3}.Debug|Any CPU.Build.0 = Debug|Any CPU
		{CEAC64B9-BD8C-4E68-9385-4CD6A5F3A6A3}.Release|Any CPU.ActiveCfg = Release|Any CPU
		{CEAC64B9-BD8C-4E68-9385-4CD6A5F3A6A3}.Release|Any CPU.Build.0 = Release|Any CPU
		{51DCED16-4270-412A-B45B-3297393687A3}.CodeAnalysis|Any CPU.ActiveCfg = Debug|Any CPU
		{51DCED16-4270-412A-B45B-3297393687A3}.CodeAnalysis|Any CPU.Build.0 = Debug|Any CPU
		{51DCED16-4270-412A-B45B-3297393687A3}.Debug|Any CPU.ActiveCfg = Debug|Any CPU
		{51DCED16-4270-412A-B45B-3297393687A3}.Debug|Any CPU.Build.0 = Debug|Any CPU
		{51DCED16-4270-412A-B45B-3297393687A3}.Release|Any CPU.ActiveCfg = Release|Any CPU
		{51DCED16-4270-412A-B45B-3297393687A3}.Release|Any CPU.Build.0 = Release|Any CPU
		{E599ACA4-61A1-4260-AAC4-EEEF69F1B168}.CodeAnalysis|Any CPU.ActiveCfg = Debug|Any CPU
		{E599ACA4-61A1-4260-AAC4-EEEF69F1B168}.CodeAnalysis|Any CPU.Build.0 = Debug|Any CPU
		{E599ACA4-61A1-4260-AAC4-EEEF69F1B168}.Debug|Any CPU.ActiveCfg = Debug|Any CPU
		{E599ACA4-61A1-4260-AAC4-EEEF69F1B168}.Debug|Any CPU.Build.0 = Debug|Any CPU
		{E599ACA4-61A1-4260-AAC4-EEEF69F1B168}.Release|Any CPU.ActiveCfg = Release|Any CPU
		{E599ACA4-61A1-4260-AAC4-EEEF69F1B168}.Release|Any CPU.Build.0 = Release|Any CPU
		{9F2B1FDA-FFF4-439A-B8D1-3407E5D9695E}.CodeAnalysis|Any CPU.ActiveCfg = Debug|Any CPU
		{9F2B1FDA-FFF4-439A-B8D1-3407E5D9695E}.CodeAnalysis|Any CPU.Build.0 = Debug|Any CPU
		{9F2B1FDA-FFF4-439A-B8D1-3407E5D9695E}.Debug|Any CPU.ActiveCfg = Debug|Any CPU
		{9F2B1FDA-FFF4-439A-B8D1-3407E5D9695E}.Debug|Any CPU.Build.0 = Debug|Any CPU
		{9F2B1FDA-FFF4-439A-B8D1-3407E5D9695E}.Release|Any CPU.ActiveCfg = Release|Any CPU
		{9F2B1FDA-FFF4-439A-B8D1-3407E5D9695E}.Release|Any CPU.Build.0 = Release|Any CPU
	EndGlobalSection
	GlobalSection(SolutionProperties) = preSolution
		HideSolutionNode = FALSE
	EndGlobalSection
	GlobalSection(NestedProjects) = preSolution
		{9B7E3740-6161-4548-833C-4BBCA43B970E} = {A9836F9E-6DB3-4D9F-ADCA-CF42D8C8BA93}
		{8F18041B-9410-4C36-A9C5-067813DF5F31} = {A9836F9E-6DB3-4D9F-ADCA-CF42D8C8BA93}
		{A0187BC2-8325-4BB2-8697-7F955CF4173E} = {A0A7D45F-0778-4F83-ABD0-10BB4BB6FAB6}
		{668E9021-CE84-49D9-98FB-DF125A9FCDB0} = {A0A7D45F-0778-4F83-ABD0-10BB4BB6FAB6}
		{DDC1CE0C-486E-4E35-BB3B-EAB61F8F9440} = {A0A7D45F-0778-4F83-ABD0-10BB4BB6FAB6}
		{3D3FFD8A-624D-4E9B-954B-E1C105507975} = {A9836F9E-6DB3-4D9F-ADCA-CF42D8C8BA93}
		{76EFA9C5-8D7E-4FDF-B710-E20F8B6B00D2} = {A9836F9E-6DB3-4D9F-ADCA-CF42D8C8BA93}
		{22BABB60-8F02-4027-AFFC-ACF069954536} = {A9836F9E-6DB3-4D9F-ADCA-CF42D8C8BA93}
		{0939B11A-FE4E-4BA1-8AD6-D97741EE314F} = {A9836F9E-6DB3-4D9F-ADCA-CF42D8C8BA93}
		{25DEF6F6-7F99-4EB7-91ED-5181A346AFE1} = {A0A7D45F-0778-4F83-ABD0-10BB4BB6FAB6}
		{43C1B979-D593-4A32-BB3A-4316F1C66D66} = {A9836F9E-6DB3-4D9F-ADCA-CF42D8C8BA93}
		{7AF77741-9158-4D5F-8782-8F21FADF025F} = {34149A5B-4117-4D41-AD78-0E5844ED8832}
		{FCCC4CB7-BAF7-4A57-9F89-E5766FE536C0} = {34149A5B-4117-4D41-AD78-0E5844ED8832}
		{0BB62A1D-E6B5-49FA-9E3C-6AF679A66DFE} = {34149A5B-4117-4D41-AD78-0E5844ED8832}
		{7F2C796F-43B2-4F8F-ABFF-A154EC8AAFA1} = {34149A5B-4117-4D41-AD78-0E5844ED8832}
		{25404A3F-2E9E-442D-943C-B5610D89901B} = {8D2B965D-924F-49F5-99C2-A995407939C4}
		{4627BDAB-CA24-40D0-A627-01692BA51B44} = {8D2B965D-924F-49F5-99C2-A995407939C4}
		{8E717C50-E6F6-4AF3-8DA7-6838D96EE1A9} = {8D2B965D-924F-49F5-99C2-A995407939C4}
		{DACF371F-CF89-481B-BD2A-FB89838715B8} = {43AF5042-4428-4058-A31B-2D8328A49183}
		{CE32AD1C-0A5D-4A22-98C0-DEA95A871195} = {8D2B965D-924F-49F5-99C2-A995407939C4}
		{FD263E16-02EC-416C-AA88-DA1B70348B13} = {34149A5B-4117-4D41-AD78-0E5844ED8832}
		{15C09920-D832-4483-8F41-FED17938EB23} = {34149A5B-4117-4D41-AD78-0E5844ED8832}
		{12AC0939-7621-4739-9D40-7A1B11417E01} = {34149A5B-4117-4D41-AD78-0E5844ED8832}
		{CEAC64B9-BD8C-4E68-9385-4CD6A5F3A6A3} = {34149A5B-4117-4D41-AD78-0E5844ED8832}
		{51DCED16-4270-412A-B45B-3297393687A3} = {34149A5B-4117-4D41-AD78-0E5844ED8832}
		{E599ACA4-61A1-4260-AAC4-EEEF69F1B168} = {43AF5042-4428-4058-A31B-2D8328A49183}
		{9F2B1FDA-FFF4-439A-B8D1-3407E5D9695E} = {34149A5B-4117-4D41-AD78-0E5844ED8832}
	EndGlobalSection
	GlobalSection(ExtensibilityGlobals) = postSolution
		SolutionGuid = {2A542E86-4A12-4997-B307-DEA9C7EE6539}
	EndGlobalSection
EndGlobal
